// !$*UTF8*$!
{
	archiveVersion = 1;
	classes = {
	};
	objectVersion = 50;
	objects = {

/* Begin PBXBuildFile section */
		A907B70F2518A4EC00D405B9 /* PacketTunnelProvider.m in Sources */ = {isa = PBXBuildFile; fileRef = A907B70E2518A4EC00D405B9 /* PacketTunnelProvider.m */; };
		A907B7142518A4EC00D405B9 /* vps.appex in Embed App Extensions */ = {isa = PBXBuildFile; fileRef = A907B70B2518A4EC00D405B9 /* vps.appex */; settings = {ATTRIBUTES = (RemoveHeadersOnCopy, ); }; };
		A91B3CE324D4817900097C0D /* AppDelegate.swift in Sources */ = {isa = PBXBuildFile; fileRef = A91B3CE224D4817900097C0D /* AppDelegate.swift */; };
		A91B3CE724D4817900097C0D /* ViewController.swift in Sources */ = {isa = PBXBuildFile; fileRef = A91B3CE624D4817900097C0D /* ViewController.swift */; };
		A91B3CEA24D4817900097C0D /* Main.storyboard in Resources */ = {isa = PBXBuildFile; fileRef = A91B3CE824D4817900097C0D /* Main.storyboard */; };
		A91B3CEC24D4817A00097C0D /* Assets.xcassets in Resources */ = {isa = PBXBuildFile; fileRef = A91B3CEB24D4817A00097C0D /* Assets.xcassets */; };
		A91B3CEF24D4817A00097C0D /* LaunchScreen.storyboard in Resources */ = {isa = PBXBuildFile; fileRef = A91B3CED24D4817A00097C0D /* LaunchScreen.storyboard */; };
		A91B3CFB24D6F3E300097C0D /* lol.xib in Resources */ = {isa = PBXBuildFile; fileRef = A91B3CFA24D6F3E300097C0D /* lol.xib */; };
		A91B3CFF24D9CDA100097C0D /* MVViewController.swift in Sources */ = {isa = PBXBuildFile; fileRef = A91B3CFE24D9CDA100097C0D /* MVViewController.swift */; };
		A923B1A724DC467F009F2EC4 /* PresentImage.swift in Sources */ = {isa = PBXBuildFile; fileRef = A923B1A624DC467F009F2EC4 /* PresentImage.swift */; };
		A93E03A32506069A00FCA6BC /* FELiveDisplayViewController.swift in Sources */ = {isa = PBXBuildFile; fileRef = A93E03A22506069A00FCA6BC /* FELiveDisplayViewController.swift */; };
		A93E03A525061CAA00FCA6BC /* NetworkStateObserver.swift in Sources */ = {isa = PBXBuildFile; fileRef = A93E03A425061CAA00FCA6BC /* NetworkStateObserver.swift */; };
		A9BD3BBB251489DE0051A24B /* FELineChatLayer.swift in Sources */ = {isa = PBXBuildFile; fileRef = A9BD3BBA251489DE0051A24B /* FELineChatLayer.swift */; };
		A9BD3BDA2514A1F90051A24B /* FELineView.swift in Sources */ = {isa = PBXBuildFile; fileRef = A9BD3BD92514A1F90051A24B /* FELineView.swift */; };
		A9BFA45825020B7200C8A196 /* FESpiderView.swift in Sources */ = {isa = PBXBuildFile; fileRef = A9BFA45725020B7200C8A196 /* FESpiderView.swift */; };
/* End PBXBuildFile section */

/* Begin PBXContainerItemProxy section */
		A907B7122518A4EC00D405B9 /* PBXContainerItemProxy */ = {
			isa = PBXContainerItemProxy;
			containerPortal = A91B3CD724D4817800097C0D /* Project object */;
			proxyType = 1;
			remoteGlobalIDString = A907B70A2518A4EC00D405B9;
			remoteInfo = vps;
		};
/* End PBXContainerItemProxy section */

/* Begin PBXCopyFilesBuildPhase section */
		A907B7152518A4EC00D405B9 /* Embed App Extensions */ = {
			isa = PBXCopyFilesBuildPhase;
			buildActionMask = 2147483647;
			dstPath = "";
			dstSubfolderSpec = 13;
			files = (
				A907B7142518A4EC00D405B9 /* vps.appex in Embed App Extensions */,
			);
			name = "Embed App Extensions";
			runOnlyForDeploymentPostprocessing = 0;
		};
/* End PBXCopyFilesBuildPhase section */

/* Begin PBXFileReference section */
		A907B70B2518A4EC00D405B9 /* vps.appex */ = {isa = PBXFileReference; explicitFileType = "wrapper.app-extension"; includeInIndex = 0; path = vps.appex; sourceTree = BUILT_PRODUCTS_DIR; };
		A907B70D2518A4EC00D405B9 /* PacketTunnelProvider.h */ = {isa = PBXFileReference; lastKnownFileType = sourcecode.c.h; path = PacketTunnelProvider.h; sourceTree = "<group>"; };
		A907B70E2518A4EC00D405B9 /* PacketTunnelProvider.m */ = {isa = PBXFileReference; lastKnownFileType = sourcecode.c.objc; path = PacketTunnelProvider.m; sourceTree = "<group>"; };
		A907B7102518A4EC00D405B9 /* Info.plist */ = {isa = PBXFileReference; lastKnownFileType = text.plist.xml; path = Info.plist; sourceTree = "<group>"; };
		A907B7112518A4EC00D405B9 /* vps.entitlements */ = {isa = PBXFileReference; lastKnownFileType = text.plist.entitlements; path = vps.entitlements; sourceTree = "<group>"; };
		A91B3CDF24D4817900097C0D /* Presentation.app */ = {isa = PBXFileReference; explicitFileType = wrapper.application; includeInIndex = 0; path = Presentation.app; sourceTree = BUILT_PRODUCTS_DIR; };
		A91B3CE224D4817900097C0D /* AppDelegate.swift */ = {isa = PBXFileReference; lastKnownFileType = sourcecode.swift; path = AppDelegate.swift; sourceTree = "<group>"; };
		A91B3CE624D4817900097C0D /* ViewController.swift */ = {isa = PBXFileReference; lastKnownFileType = sourcecode.swift; path = ViewController.swift; sourceTree = "<group>"; };
		A91B3CE924D4817900097C0D /* Base */ = {isa = PBXFileReference; lastKnownFileType = file.storyboard; name = Base; path = Base.lproj/Main.storyboard; sourceTree = "<group>"; };
		A91B3CEB24D4817A00097C0D /* Assets.xcassets */ = {isa = PBXFileReference; lastKnownFileType = folder.assetcatalog; path = Assets.xcassets; sourceTree = "<group>"; };
		A91B3CEE24D4817A00097C0D /* Base */ = {isa = PBXFileReference; lastKnownFileType = file.storyboard; name = Base; path = Base.lproj/LaunchScreen.storyboard; sourceTree = "<group>"; };
		A91B3CF024D4817A00097C0D /* Info.plist */ = {isa = PBXFileReference; lastKnownFileType = text.plist.xml; path = Info.plist; sourceTree = "<group>"; };
		A91B3CF624D481BE00097C0D /* DialogPresentation.swift */ = {isa = PBXFileReference; lastKnownFileType = sourcecode.swift; path = DialogPresentation.swift; sourceTree = "<group>"; };
		A91B3CF824D4995A00097C0D /* PresentationFlexView.swift */ = {isa = PBXFileReference; lastKnownFileType = sourcecode.swift; path = PresentationFlexView.swift; sourceTree = "<group>"; };
		A91B3CFA24D6F3E300097C0D /* lol.xib */ = {isa = PBXFileReference; lastKnownFileType = file.xib; path = lol.xib; sourceTree = "<group>"; };
		A91B3CFC24D9B4CB00097C0D /* DialogTransaction.swift */ = {isa = PBXFileReference; lastKnownFileType = sourcecode.swift; path = DialogTransaction.swift; sourceTree = "<group>"; };
		A91B3CFE24D9CDA100097C0D /* MVViewController.swift */ = {isa = PBXFileReference; lastKnownFileType = sourcecode.swift; path = MVViewController.swift; sourceTree = "<group>"; };
		A923B1A624DC467F009F2EC4 /* PresentImage.swift */ = {isa = PBXFileReference; lastKnownFileType = sourcecode.swift; path = PresentImage.swift; sourceTree = "<group>"; };
		A923B1A924DC6E68009F2EC4 /* iconfont.ttf */ = {isa = PBXFileReference; lastKnownFileType = file; path = iconfont.ttf; sourceTree = "<group>"; };
		A923B1AB24DC7076009F2EC4 /* iconfont2.ttf */ = {isa = PBXFileReference; lastKnownFileType = file; path = iconfont2.ttf; sourceTree = "<group>"; };
		A93E03A22506069A00FCA6BC /* FELiveDisplayViewController.swift */ = {isa = PBXFileReference; lastKnownFileType = sourcecode.swift; path = FELiveDisplayViewController.swift; sourceTree = "<group>"; };
		A93E03A425061CAA00FCA6BC /* NetworkStateObserver.swift */ = {isa = PBXFileReference; lastKnownFileType = sourcecode.swift; path = NetworkStateObserver.swift; sourceTree = "<group>"; };
		A9BD3BBA251489DE0051A24B /* FELineChatLayer.swift */ = {isa = PBXFileReference; fileEncoding = 4; lastKnownFileType = sourcecode.swift; path = FELineChatLayer.swift; sourceTree = "<group>"; };
		A9BD3BD92514A1F90051A24B /* FELineView.swift */ = {isa = PBXFileReference; lastKnownFileType = sourcecode.swift; path = FELineView.swift; sourceTree = "<group>"; };
		A9BFA45725020B7200C8A196 /* FESpiderView.swift */ = {isa = PBXFileReference; lastKnownFileType = sourcecode.swift; path = FESpiderView.swift; sourceTree = "<group>"; };
		A9E50AE624DA6A9500719812 /* PresentIconFont.swift */ = {isa = PBXFileReference; lastKnownFileType = sourcecode.swift; path = PresentIconFont.swift; sourceTree = "<group>"; };
/* End PBXFileReference section */

/* Begin PBXFrameworksBuildPhase section */
		A907B7082518A4EC00D405B9 /* Frameworks */ = {
			isa = PBXFrameworksBuildPhase;
			buildActionMask = 2147483647;
			files = (
			);
			runOnlyForDeploymentPostprocessing = 0;
		};
		A91B3CDC24D4817900097C0D /* Frameworks */ = {
			isa = PBXFrameworksBuildPhase;
			buildActionMask = 2147483647;
			files = (
			);
			runOnlyForDeploymentPostprocessing = 0;
		};
/* End PBXFrameworksBuildPhase section */

/* Begin PBXGroup section */
		A907B70C2518A4EC00D405B9 /* vps */ = {
			isa = PBXGroup;
			children = (
				A907B70D2518A4EC00D405B9 /* PacketTunnelProvider.h */,
				A907B70E2518A4EC00D405B9 /* PacketTunnelProvider.m */,
				A907B7102518A4EC00D405B9 /* Info.plist */,
				A907B7112518A4EC00D405B9 /* vps.entitlements */,
			);
			path = vps;
			sourceTree = "<group>";
		};
		A91B3CD624D4817800097C0D = {
			isa = PBXGroup;
			children = (
				A91B3CE124D4817900097C0D /* Presentation */,
				A907B70C2518A4EC00D405B9 /* vps */,
				A91B3CE024D4817900097C0D /* Products */,
			);
			sourceTree = "<group>";
		};
		A91B3CE024D4817900097C0D /* Products */ = {
			isa = PBXGroup;
			children = (
				A91B3CDF24D4817900097C0D /* Presentation.app */,
				A907B70B2518A4EC00D405B9 /* vps.appex */,
			);
			name = Products;
			sourceTree = "<group>";
		};
		A91B3CE124D4817900097C0D /* Presentation */ = {
			isa = PBXGroup;
			children = (
				A91B3CE224D4817900097C0D /* AppDelegate.swift */,
				A91B3CE624D4817900097C0D /* ViewController.swift */,
				A91B3CE824D4817900097C0D /* Main.storyboard */,
				A923B1A924DC6E68009F2EC4 /* iconfont.ttf */,
				A923B1AB24DC7076009F2EC4 /* iconfont2.ttf */,
				A9E50AE624DA6A9500719812 /* PresentIconFont.swift */,
				A91B3CF624D481BE00097C0D /* DialogPresentation.swift */,
				A91B3CFC24D9B4CB00097C0D /* DialogTransaction.swift */,
				A91B3CF824D4995A00097C0D /* PresentationFlexView.swift */,
				A91B3CFA24D6F3E300097C0D /* lol.xib */,
				A91B3CEB24D4817A00097C0D /* Assets.xcassets */,
				A91B3CED24D4817A00097C0D /* LaunchScreen.storyboard */,
				A91B3CFE24D9CDA100097C0D /* MVViewController.swift */,
				A91B3CF024D4817A00097C0D /* Info.plist */,
				A9BD3BB9251489A10051A24B /* Present */,
				A93E03A22506069A00FCA6BC /* FELiveDisplayViewController.swift */,
				A93E03A425061CAA00FCA6BC /* NetworkStateObserver.swift */,
			);
			path = Presentation;
			sourceTree = "<group>";
		};
		A9BD3BB9251489A10051A24B /* Present */ = {
			isa = PBXGroup;
			children = (
				A9BD3BBA251489DE0051A24B /* FELineChatLayer.swift */,
				A9BFA45725020B7200C8A196 /* FESpiderView.swift */,
				A923B1A624DC467F009F2EC4 /* PresentImage.swift */,
				A9BD3BD92514A1F90051A24B /* FELineView.swift */,
			);
			path = Present;
			sourceTree = "<group>";
		};
/* End PBXGroup section */

/* Begin PBXNativeTarget section */
		A907B70A2518A4EC00D405B9 /* vps */ = {
			isa = PBXNativeTarget;
			buildConfigurationList = A907B7182518A4EC00D405B9 /* Build configuration list for PBXNativeTarget "vps" */;
			buildPhases = (
				A907B7072518A4EC00D405B9 /* Sources */,
				A907B7082518A4EC00D405B9 /* Frameworks */,
				A907B7092518A4EC00D405B9 /* Resources */,
			);
			buildRules = (
			);
			dependencies = (
			);
			name = vps;
			productName = vps;
			productReference = A907B70B2518A4EC00D405B9 /* vps.appex */;
			productType = "com.apple.product-type.app-extension";
		};
		A91B3CDE24D4817900097C0D /* Presentation */ = {
			isa = PBXNativeTarget;
			buildConfigurationList = A91B3CF324D4817A00097C0D /* Build configuration list for PBXNativeTarget "Presentation" */;
			buildPhases = (
				A91B3CDB24D4817900097C0D /* Sources */,
				A91B3CDC24D4817900097C0D /* Frameworks */,
				A91B3CDD24D4817900097C0D /* Resources */,
				A907B7152518A4EC00D405B9 /* Embed App Extensions */,
			);
			buildRules = (
			);
			dependencies = (
				A907B7132518A4EC00D405B9 /* PBXTargetDependency */,
			);
			name = Presentation;
			productName = Presentation;
			productReference = A91B3CDF24D4817900097C0D /* Presentation.app */;
			productType = "com.apple.product-type.application";
		};
/* End PBXNativeTarget section */

/* Begin PBXProject section */
		A91B3CD724D4817800097C0D /* Project object */ = {
			isa = PBXProject;
			attributes = {
				LastSwiftUpdateCheck = 1160;
				LastUpgradeCheck = 1160;
				ORGANIZATIONNAME = "hao yin";
				TargetAttributes = {
					A907B70A2518A4EC00D405B9 = {
						CreatedOnToolsVersion = 12.0;
					};
					A91B3CDE24D4817900097C0D = {
						CreatedOnToolsVersion = 11.6;
					};
				};
			};
			buildConfigurationList = A91B3CDA24D4817800097C0D /* Build configuration list for PBXProject "Presentation" */;
			compatibilityVersion = "Xcode 9.3";
			developmentRegion = en;
			hasScannedForEncodings = 0;
			knownRegions = (
				en,
				Base,
			);
			mainGroup = A91B3CD624D4817800097C0D;
			productRefGroup = A91B3CE024D4817900097C0D /* Products */;
			projectDirPath = "";
			projectRoot = "";
			targets = (
				A91B3CDE24D4817900097C0D /* Presentation */,
				A907B70A2518A4EC00D405B9 /* vps */,
			);
		};
/* End PBXProject section */

/* Begin PBXResourcesBuildPhase section */
		A907B7092518A4EC00D405B9 /* Resources */ = {
			isa = PBXResourcesBuildPhase;
			buildActionMask = 2147483647;
			files = (
			);
			runOnlyForDeploymentPostprocessing = 0;
		};
		A91B3CDD24D4817900097C0D /* Resources */ = {
			isa = PBXResourcesBuildPhase;
			buildActionMask = 2147483647;
			files = (
				A91B3CEF24D4817A00097C0D /* LaunchScreen.storyboard in Resources */,
				A91B3CEC24D4817A00097C0D /* Assets.xcassets in Resources */,
				A91B3CEA24D4817900097C0D /* Main.storyboard in Resources */,
				A91B3CFB24D6F3E300097C0D /* lol.xib in Resources */,
			);
			runOnlyForDeploymentPostprocessing = 0;
		};
/* End PBXResourcesBuildPhase section */

/* Begin PBXSourcesBuildPhase section */
		A907B7072518A4EC00D405B9 /* Sources */ = {
			isa = PBXSourcesBuildPhase;
			buildActionMask = 2147483647;
			files = (
				A907B70F2518A4EC00D405B9 /* PacketTunnelProvider.m in Sources */,
			);
			runOnlyForDeploymentPostprocessing = 0;
		};
		A91B3CDB24D4817900097C0D /* Sources */ = {
			isa = PBXSourcesBuildPhase;
			buildActionMask = 2147483647;
			files = (
				A9BFA45825020B7200C8A196 /* FESpiderView.swift in Sources */,
				A923B1A724DC467F009F2EC4 /* PresentImage.swift in Sources */,
				A9BD3BDA2514A1F90051A24B /* FELineView.swift in Sources */,
				A93E03A525061CAA00FCA6BC /* NetworkStateObserver.swift in Sources */,
				A93E03A32506069A00FCA6BC /* FELiveDisplayViewController.swift in Sources */,
				A91B3CE724D4817900097C0D /* ViewController.swift in Sources */,
				A9BD3BBB251489DE0051A24B /* FELineChatLayer.swift in Sources */,
				A91B3CE324D4817900097C0D /* AppDelegate.swift in Sources */,
				A91B3CFF24D9CDA100097C0D /* MVViewController.swift in Sources */,
			);
			runOnlyForDeploymentPostprocessing = 0;
		};
/* End PBXSourcesBuildPhase section */

/* Begin PBXTargetDependency section */
		A907B7132518A4EC00D405B9 /* PBXTargetDependency */ = {
			isa = PBXTargetDependency;
			target = A907B70A2518A4EC00D405B9 /* vps */;
			targetProxy = A907B7122518A4EC00D405B9 /* PBXContainerItemProxy */;
		};
/* End PBXTargetDependency section */

/* Begin PBXVariantGroup section */
		A91B3CE824D4817900097C0D /* Main.storyboard */ = {
			isa = PBXVariantGroup;
			children = (
				A91B3CE924D4817900097C0D /* Base */,
			);
			name = Main.storyboard;
			sourceTree = "<group>";
		};
		A91B3CED24D4817A00097C0D /* LaunchScreen.storyboard */ = {
			isa = PBXVariantGroup;
			children = (
				A91B3CEE24D4817A00097C0D /* Base */,
			);
			name = LaunchScreen.storyboard;
			sourceTree = "<group>";
		};
/* End PBXVariantGroup section */

/* Begin XCBuildConfiguration section */
		A907B7162518A4EC00D405B9 /* Debug */ = {
			isa = XCBuildConfiguration;
			buildSettings = {
				CLANG_WARN_QUOTED_INCLUDE_IN_FRAMEWORK_HEADER = YES;
				CODE_SIGN_ENTITLEMENTS = vps/vps.entitlements;
				CODE_SIGN_STYLE = Automatic;
				DEVELOPMENT_TEAM = W8LHF9DL7C;
				INFOPLIST_FILE = vps/Info.plist;
				IPHONEOS_DEPLOYMENT_TARGET = 14.0;
				LD_RUNPATH_SEARCH_PATHS = (
					"$(inherited)",
					"@executable_path/Frameworks",
					"@executable_path/../../Frameworks",
				);
				PRODUCT_BUNDLE_IDENTIFIER = com.yinhao.Presentation.vps;
				PRODUCT_NAME = "$(TARGET_NAME)";
				SKIP_INSTALL = YES;
				TARGETED_DEVICE_FAMILY = "1,2";
			};
			name = Debug;
		};
		A907B7172518A4EC00D405B9 /* Release */ = {
			isa = XCBuildConfiguration;
			buildSettings = {
				CLANG_WARN_QUOTED_INCLUDE_IN_FRAMEWORK_HEADER = YES;
				CODE_SIGN_ENTITLEMENTS = vps/vps.entitlements;
				CODE_SIGN_STYLE = Automatic;
				DEVELOPMENT_TEAM = W8LHF9DL7C;
				INFOPLIST_FILE = vps/Info.plist;
				IPHONEOS_DEPLOYMENT_TARGET = 14.0;
				LD_RUNPATH_SEARCH_PATHS = (
					"$(inherited)",
					"@executable_path/Frameworks",
					"@executable_path/../../Frameworks",
				);
				PRODUCT_BUNDLE_IDENTIFIER = com.yinhao.Presentation.vps;
				PRODUCT_NAME = "$(TARGET_NAME)";
				SKIP_INSTALL = YES;
				TARGETED_DEVICE_FAMILY = "1,2";
			};
			name = Release;
		};
		A91B3CF124D4817A00097C0D /* Debug */ = {
			isa = XCBuildConfiguration;
			buildSettings = {
				ALWAYS_SEARCH_USER_PATHS = NO;
				CLANG_ANALYZER_NONNULL = YES;
				CLANG_ANALYZER_NUMBER_OBJECT_CONVERSION = YES_AGGRESSIVE;
				CLANG_CXX_LANGUAGE_STANDARD = "gnu++14";
				CLANG_CXX_LIBRARY = "libc++";
				CLANG_ENABLE_MODULES = YES;
				CLANG_ENABLE_OBJC_ARC = YES;
				CLANG_ENABLE_OBJC_WEAK = YES;
				CLANG_WARN_BLOCK_CAPTURE_AUTORELEASING = YES;
				CLANG_WARN_BOOL_CONVERSION = YES;
				CLANG_WARN_COMMA = YES;
				CLANG_WARN_CONSTANT_CONVERSION = YES;
				CLANG_WARN_DEPRECATED_OBJC_IMPLEMENTATIONS = YES;
				CLANG_WARN_DIRECT_OBJC_ISA_USAGE = YES_ERROR;
				CLANG_WARN_DOCUMENTATION_COMMENTS = YES;
				CLANG_WARN_EMPTY_BODY = YES;
				CLANG_WARN_ENUM_CONVERSION = YES;
				CLANG_WARN_INFINITE_RECURSION = YES;
				CLANG_WARN_INT_CONVERSION = YES;
				CLANG_WARN_NON_LITERAL_NULL_CONVERSION = YES;
				CLANG_WARN_OBJC_IMPLICIT_RETAIN_SELF = YES;
				CLANG_WARN_OBJC_LITERAL_CONVERSION = YES;
				CLANG_WARN_OBJC_ROOT_CLASS = YES_ERROR;
				CLANG_WARN_RANGE_LOOP_ANALYSIS = YES;
				CLANG_WARN_STRICT_PROTOTYPES = YES;
				CLANG_WARN_SUSPICIOUS_MOVE = YES;
				CLANG_WARN_UNGUARDED_AVAILABILITY = YES_AGGRESSIVE;
				CLANG_WARN_UNREACHABLE_CODE = YES;
				CLANG_WARN__DUPLICATE_METHOD_MATCH = YES;
				COPY_PHASE_STRIP = NO;
				DEBUG_INFORMATION_FORMAT = dwarf;
				ENABLE_STRICT_OBJC_MSGSEND = YES;
				ENABLE_TESTABILITY = YES;
				GCC_C_LANGUAGE_STANDARD = gnu11;
				GCC_DYNAMIC_NO_PIC = NO;
				GCC_NO_COMMON_BLOCKS = YES;
				GCC_OPTIMIZATION_LEVEL = 0;
				GCC_PREPROCESSOR_DEFINITIONS = (
					"DEBUG=1",
					"$(inherited)",
				);
				GCC_WARN_64_TO_32_BIT_CONVERSION = YES;
				GCC_WARN_ABOUT_RETURN_TYPE = YES_ERROR;
				GCC_WARN_UNDECLARED_SELECTOR = YES;
				GCC_WARN_UNINITIALIZED_AUTOS = YES_AGGRESSIVE;
				GCC_WARN_UNUSED_FUNCTION = YES;
				GCC_WARN_UNUSED_VARIABLE = YES;
				IPHONEOS_DEPLOYMENT_TARGET = 13.6;
				MTL_ENABLE_DEBUG_INFO = INCLUDE_SOURCE;
				MTL_FAST_MATH = YES;
				ONLY_ACTIVE_ARCH = YES;
				SDKROOT = iphoneos;
				SWIFT_ACTIVE_COMPILATION_CONDITIONS = DEBUG;
				SWIFT_OPTIMIZATION_LEVEL = "-Onone";
			};
			name = Debug;
		};
		A91B3CF224D4817A00097C0D /* Release */ = {
			isa = XCBuildConfiguration;
			buildSettings = {
				ALWAYS_SEARCH_USER_PATHS = NO;
				CLANG_ANALYZER_NONNULL = YES;
				CLANG_ANALYZER_NUMBER_OBJECT_CONVERSION = YES_AGGRESSIVE;
				CLANG_CXX_LANGUAGE_STANDARD = "gnu++14";
				CLANG_CXX_LIBRARY = "libc++";
				CLANG_ENABLE_MODULES = YES;
				CLANG_ENABLE_OBJC_ARC = YES;
				CLANG_ENABLE_OBJC_WEAK = YES;
				CLANG_WARN_BLOCK_CAPTURE_AUTORELEASING = YES;
				CLANG_WARN_BOOL_CONVERSION = YES;
				CLANG_WARN_COMMA = YES;
				CLANG_WARN_CONSTANT_CONVERSION = YES;
				CLANG_WARN_DEPRECATED_OBJC_IMPLEMENTATIONS = YES;
				CLANG_WARN_DIRECT_OBJC_ISA_USAGE = YES_ERROR;
				CLANG_WARN_DOCUMENTATION_COMMENTS = YES;
				CLANG_WARN_EMPTY_BODY = YES;
				CLANG_WARN_ENUM_CONVERSION = YES;
				CLANG_WARN_INFINITE_RECURSION = YES;
				CLANG_WARN_INT_CONVERSION = YES;
				CLANG_WARN_NON_LITERAL_NULL_CONVERSION = YES;
				CLANG_WARN_OBJC_IMPLICIT_RETAIN_SELF = YES;
				CLANG_WARN_OBJC_LITERAL_CONVERSION = YES;
				CLANG_WARN_OBJC_ROOT_CLASS = YES_ERROR;
				CLANG_WARN_RANGE_LOOP_ANALYSIS = YES;
				CLANG_WARN_STRICT_PROTOTYPES = YES;
				CLANG_WARN_SUSPICIOUS_MOVE = YES;
				CLANG_WARN_UNGUARDED_AVAILABILITY = YES_AGGRESSIVE;
				CLANG_WARN_UNREACHABLE_CODE = YES;
				CLANG_WARN__DUPLICATE_METHOD_MATCH = YES;
				COPY_PHASE_STRIP = NO;
				DEBUG_INFORMATION_FORMAT = "dwarf-with-dsym";
				ENABLE_NS_ASSERTIONS = NO;
				ENABLE_STRICT_OBJC_MSGSEND = YES;
				GCC_C_LANGUAGE_STANDARD = gnu11;
				GCC_NO_COMMON_BLOCKS = YES;
				GCC_WARN_64_TO_32_BIT_CONVERSION = YES;
				GCC_WARN_ABOUT_RETURN_TYPE = YES_ERROR;
				GCC_WARN_UNDECLARED_SELECTOR = YES;
				GCC_WARN_UNINITIALIZED_AUTOS = YES_AGGRESSIVE;
				GCC_WARN_UNUSED_FUNCTION = YES;
				GCC_WARN_UNUSED_VARIABLE = YES;
				IPHONEOS_DEPLOYMENT_TARGET = 13.6;
				MTL_ENABLE_DEBUG_INFO = NO;
				MTL_FAST_MATH = YES;
				SDKROOT = iphoneos;
				SWIFT_COMPILATION_MODE = wholemodule;
				SWIFT_OPTIMIZATION_LEVEL = "-O";
				VALIDATE_PRODUCT = YES;
			};
			name = Release;
		};
		A91B3CF424D4817A00097C0D /* Debug */ = {
			isa = XCBuildConfiguration;
			buildSettings = {
				ASSETCATALOG_COMPILER_APPICON_NAME = AppIcon;
				CODE_SIGN_STYLE = Automatic;
				DEVELOPMENT_TEAM = W8LHF9DL7C;
				INFOPLIST_FILE = Presentation/Info.plist;
				IPHONEOS_DEPLOYMENT_TARGET = 9.0;
				LD_RUNPATH_SEARCH_PATHS = (
					"$(inherited)",
					"@executable_path/Frameworks",
				);
				PRODUCT_BUNDLE_IDENTIFIER = com.yinhao.Presentation;
				PRODUCT_NAME = "$(TARGET_NAME)";
				SWIFT_VERSION = 5.0;
				TARGETED_DEVICE_FAMILY = 1;
			};
			name = Debug;
		};
		A91B3CF524D4817A00097C0D /* Release */ = {
			isa = XCBuildConfiguration;
			buildSettings = {
				ASSETCATALOG_COMPILER_APPICON_NAME = AppIcon;
				CODE_SIGN_STYLE = Automatic;
				DEVELOPMENT_TEAM = W8LHF9DL7C;
				INFOPLIST_FILE = Presentation/Info.plist;
				IPHONEOS_DEPLOYMENT_TARGET = 9.0;
				LD_RUNPATH_SEARCH_PATHS = (
					"$(inherited)",
					"@executable_path/Frameworks",
				);
				PRODUCT_BUNDLE_IDENTIFIER = com.yinhao.Presentation;
				PRODUCT_NAME = "$(TARGET_NAME)";
				SWIFT_VERSION = 5.0;
				TARGETED_DEVICE_FAMILY = 1;
			};
			name = Release;
		};
/* End XCBuildConfiguration section */

/* Begin XCConfigurationList section */
		A907B7182518A4EC00D405B9 /* Build configuration list for PBXNativeTarget "vps" */ = {
			isa = XCConfigurationList;
			buildConfigurations = (
				A907B7162518A4EC00D405B9 /* Debug */,
				A907B7172518A4EC00D405B9 /* Release */,
			);
			defaultConfigurationIsVisible = 0;
			defaultConfigurationName = Release;
		};
		A91B3CDA24D4817800097C0D /* Build configuration list for PBXProject "Presentation" */ = {
			isa = XCConfigurationList;
			buildConfigurations = (
				A91B3CF124D4817A00097C0D /* Debug */,
				A91B3CF224D4817A00097C0D /* Release */,
			);
			defaultConfigurationIsVisible = 0;
			defaultConfigurationName = Release;
		};
		A91B3CF324D4817A00097C0D /* Build configuration list for PBXNativeTarget "Presentation" */ = {
			isa = XCConfigurationList;
			buildConfigurations = (
				A91B3CF424D4817A00097C0D /* Debug */,
				A91B3CF524D4817A00097C0D /* Release */,
			);
			defaultConfigurationIsVisible = 0;
			defaultConfigurationName = Release;
		};
/* End XCConfigurationList section */
	};
	rootObject = A91B3CD724D4817800097C0D /* Project object */;
}
